Microsoft Visual Studio Solution File, Format Version 12.00
# Visual Studio 2012
Project("{FAE04EC0-301F-11D3-BF4B-00C04F79EFBC}") = "Project-Minigame", "Project-Minigame.csproj", "{A2343B7A-CED5-40A9-9D68-9845E1B1C370}"
EndProject
Global
	GlobalSection(SolutionConfigurationPlatforms) = preSolution
	Debug|Any CPU = Debug|Any CPU
	ExportDebug|Any CPU = ExportDebug|Any CPU
	ExportRelease|Any CPU = ExportRelease|Any CPU
	EndGlobalSection
	GlobalSection(ProjectConfigurationPlatforms) = postSolution
		{A2343B7A-CED5-40A9-9D68-9845E1B1C370}.Debug|Any CPU.ActiveCfg = Debug|Any CPU
		{A2343B7A-CED5-40A9-9D68-9845E1B1C370}.Debug|Any CPU.Build.0 = Debug|Any CPU
		{A2343B7A-CED5-40A9-9D68-9845E1B1C370}.ExportDebug|Any CPU.ActiveCfg = ExportDebug|Any CPU
		{A2343B7A-CED5-40A9-9D68-9845E1B1C370}.ExportDebug|Any CPU.Build.0 = ExportDebug|Any CPU
		{A2343B7A-CED5-40A9-9D68-9845E1B1C370}.ExportRelease|Any CPU.ActiveCfg = ExportRelease|Any CPU
		{A2343B7A-CED5-40A9-9D68-9845E1B1C370}.ExportRelease|Any CPU.Build.0 = ExportRelease|Any CPU
	EndGlobalSection
EndGlobal
